PODS:
  - AgoraRtcEngine_iOS (3.1.2)
  - BaoShiYun (1.0.4):
    - AgoraRtcEngine_iOS (~> 3.1.2)
  - Masonry (1.1.0)
  - MJExtension (3.2.4)
  - ReactiveObjC (3.1.1)
  - SDWebImage (5.10.4):
    - SDWebImage/Core (= 5.10.4)
  - SDWebImage/Core (5.10.4)

DEPENDENCIES:
  - BaoShiYun (from `../`)
  - Masonry
  - MJExtension
  - ReactiveObjC
  - SDWebImage

SPEC REPOS:
  https://github.com/CocoaPods/Specs.git:
    - AgoraRtcEngine_iOS
    - Masonry
    - MJExtension
    - ReactiveObjC
    - SDWebImage

EXTERNAL SOURCES:
  BaoShiYun:
    :path: "../"

SPEC CHECKSUMS:
  AgoraRtcEngine_iOS: 0628532d3475471d1c352ba548cee98492850cc0
  BaoShiYun: b349a05ea15ffc83ba67809dcb3901abcf459519
  Masonry: 678fab65091a9290e40e2832a55e7ab731aad201
  MJExtension: 88e0900751b6cac8de1cf724ca9838a0b28d5acb
  ReactiveObjC: 011caa393aa0383245f2dcf9bf02e86b80b36040
  SDWebImage: c666b97e1fa9c64b4909816a903322018f0a9c84

PODFILE CHECKSUM: ebbd21d10844c7c9a09b170369aaf5689f73048b

COCOAPODS: 1.10.1
