PODS:
  - BaoShiYun (1.0.3):
    - TXIMSDK_iOS
  - TXIMSDK_iOS (5.1.56)

DEPENDENCIES:
  - BaoShiYun

SPEC REPOS:
  https://github.com/CocoaPods/Specs.git:
    - BaoShiYun
    - TXIMSDK_iOS

SPEC CHECKSUMS:
  BaoShiYun: bef6e6f1cdc4158951dbcf048ba551ac33958a66
  TXIMSDK_iOS: 3704afc203450066095b9eb8321cff3f7e7d530a

PODFILE CHECKSUM: 9d7d462642fe96725e5fd4dfae6c92dbc5c4aed3

COCOAPODS: 1.9.1
